
Microsoft Visual Studio Solution File, Format Version 12.00
# Visual Studio Express 2012 for Windows Desktop
Project("{FAE04EC0-301F-11D3-BF4B-00C04F79EFBC}") = "VRGimbalGUI", "VRGimbalGUI.csproj", "{A782570A-155B-4525-80E5-C4E81AD62F71}"
EndProject
Global
	GlobalSection(SolutionConfigurationPlatforms) = preSolution
		Debug|Any CPU = Debug|Any CPU
		Debug|x86 = Debug|x86
		Release|Any CPU = Release|Any CPU
		Release|x86 = Release|x86
	EndGlobalSection
	GlobalSection(ProjectConfigurationPlatforms) = postSolution
		{A782570A-155B-4525-80E5-C4E81AD62F71}.Debug|Any CPU.ActiveCfg = Debug|Any CPU
		{A782570A-155B-4525-80E5-C4E81AD62F71}.Debug|Any CPU.Build.0 = Debug|Any CPU
		{A782570A-155B-4525-80E5-C4E81AD62F71}.Debug|x86.ActiveCfg = Debug|x86
		{A782570A-155B-4525-80E5-C4E81AD62F71}.Debug|x86.Build.0 = Debug|x86
		{A782570A-155B-4525-80E5-C4E81AD62F71}.Release|Any CPU.ActiveCfg = Release|Any CPU
		{A782570A-155B-4525-80E5-C4E81AD62F71}.Release|Any CPU.Build.0 = Release|Any CPU
		{A782570A-155B-4525-80E5-C4E81AD62F71}.Release|x86.ActiveCfg = Release|x86
		{A782570A-155B-4525-80E5-C4E81AD62F71}.Release|x86.Build.0 = Release|x86
	EndGlobalSection
	GlobalSection(SolutionProperties) = preSolution
		HideSolutionNode = FALSE
	EndGlobalSection
EndGlobal
